
Microsoft Visual Studio Solution File, Format Version 12.00
# Visual Studio Version 16
VisualStudioVersion = 16.0.30011.22
MinimumVisualStudioVersion = 10.0.40219.1
Project("{9A19103F-16F7-4668-BE54-9A1E7A4F7556}") = "SmartPoleAPI", "SmartPoleAPI.csproj", "{3F73F7B9-A353-4623-A72B-7CC680D15423}"
EndProject
Global
	GlobalSection(SolutionConfigurationPlatforms) = preSolution
		Debug|Any CPU = Debug|Any CPU
		Release|Any CPU = Release|Any CPU
	EndGlobalSection
	GlobalSection(ProjectConfigurationPlatforms) = postSolution
		{3F73F7B9-A353-4623-A72B-7CC680D15423}.Debug|Any CPU.ActiveCfg = Debug|Any CPU
		{3F73F7B9-A353-4623-A72B-7CC680D15423}.Debug|Any CPU.Build.0 = Debug|Any CPU
		{3F73F7B9-A353-4623-A72B-7CC680D15423}.Release|Any CPU.ActiveCfg = Release|Any CPU
		{3F73F7B9-A353-4623-A72B-7CC680D15423}.Release|Any CPU.Build.0 = Release|Any CPU
	EndGlobalSection
	GlobalSection(SolutionProperties) = preSolution
		HideSolutionNode = FALSE
	EndGlobalSection
	GlobalSection(ExtensibilityGlobals) = postSolution
		SolutionGuid = {47D64083-F3DB-4702-9485-D099C6869433}
	EndGlobalSection
EndGlobal
